
Microsoft Visual Studio Solution File, Format Version 12.00
# Visual Studio Version 16
VisualStudioVersion = 16.0.30503.244
MinimumVisualStudioVersion = 10.0.40219.1
Project("{FAE04EC0-301F-11D3-BF4B-00C04F79EFBC}") = "Yazlab1_1", "Yazlab1_1\Yazlab1_1.csproj", "{108DAC38-1DE8-4F17-A0E6-BA168F98CEB9}"
EndProject
Global
	GlobalSection(SolutionConfigurationPlatforms) = preSolution
		Debug|Any CPU = Debug|Any CPU
		Release|Any CPU = Release|Any CPU
	EndGlobalSection
	GlobalSection(ProjectConfigurationPlatforms) = postSolution
		{108DAC38-1DE8-4F17-A0E6-BA168F98CEB9}.Debug|Any CPU.ActiveCfg = Debug|Any CPU
		{108DAC38-1DE8-4F17-A0E6-BA168F98CEB9}.Debug|Any CPU.Build.0 = Debug|Any CPU
		{108DAC38-1DE8-4F17-A0E6-BA168F98CEB9}.Release|Any CPU.ActiveCfg = Release|Any CPU
		{108DAC38-1DE8-4F17-A0E6-BA168F98CEB9}.Release|Any CPU.Build.0 = Release|Any CPU
	EndGlobalSection
	GlobalSection(SolutionProperties) = preSolution
		HideSolutionNode = FALSE
	EndGlobalSection
	GlobalSection(ExtensibilityGlobals) = postSolution
		SolutionGuid = {E7B5617C-3C22-409D-8341-2E98E138F352}
	EndGlobalSection
EndGlobal
